{
  "lockfileVersion": 1,
  "configVersion": 1,
  "workspaces": {
    "": {
      "name": "static",
      "dependencies": {
        "highlight.js": "^11.11.1",
        "katex": "^0.16.27",
        "marked": "^17.0.1",
        "marked-katex-extension": "^5.1.6",
        "morphdom": "^2.7.7",
        "msgpackr": "^1.11.8",
      },
      "devDependencies": {
        "@rsbuild/core": "^1.7.2",
        "@rspack/core": "^1.7.2",
      },
    },
  },
  "packages": {
    "@emnapi/core": ["@emnapi/core@1.8.1", "", { "dependencies": { "@emnapi/wasi-threads": "1.1.0", "tslib": "^2.4.0" } }, "sha512-AvT9QFpxK0Zd8J0jopedNm+w/2fIzvtPKPjqyw9jwvBaReTTqPBk9Hixaz7KbjimP+QNz605/XnjFcDAL2pqBg=="],

    "@emnapi/runtime": ["@emnapi/runtime@1.8.1", "", { "dependencies": { "tslib": "^2.4.0" } }, "sha512-mehfKSMWjjNol8659Z8KxEMrdSJDDot5SXMq00dM8BN4o+CLNXQ0xH2V7EchNHV4RmbZLmmPdEaXZc5H2FXmDg=="],

    "@emnapi/wasi-threads": ["@emnapi/wasi-threads@1.1.0", "", { "dependencies": { "tslib": "^2.4.0" } }, "sha512-WI0DdZ8xFSbgMjR1sFsKABJ/C5OnRrjT06JXbZKexJGrDuPTzZdDYfFlsgcCXCyf+suG5QU2e/y1Wo2V/OapLQ=="],

    "@module-federation/error-codes": ["@module-federation/error-codes@0.22.0", "", {}, "sha512-xF9SjnEy7vTdx+xekjPCV5cIHOGCkdn3pIxo9vU7gEZMIw0SvAEdsy6Uh17xaCpm8V0FWvR0SZoK9Ik6jGOaug=="],

    "@module-federation/runtime": ["@module-federation/runtime@0.22.0", "", { "dependencies": { "@module-federation/error-codes": "0.22.0", "@module-federation/runtime-core": "0.22.0", "@module-federation/sdk": "0.22.0" } }, "sha512-38g5iPju2tPC3KHMPxRKmy4k4onNp6ypFPS1eKGsNLUkXgHsPMBFqAjDw96iEcjri91BrahG4XcdyKi97xZzlA=="],

    "@module-federation/runtime-core": ["@module-federation/runtime-core@0.22.0", "", { "dependencies": { "@module-federation/error-codes": "0.22.0", "@module-federation/sdk": "0.22.0" } }, "sha512-GR1TcD6/s7zqItfhC87zAp30PqzvceoeDGYTgF3Vx2TXvsfDrhP6Qw9T4vudDQL3uJRne6t7CzdT29YyVxlgIA=="],

    "@module-federation/runtime-tools": ["@module-federation/runtime-tools@0.22.0", "", { "dependencies": { "@module-federation/runtime": "0.22.0", "@module-federation/webpack-bundler-runtime": "0.22.0" } }, "sha512-4ScUJ/aUfEernb+4PbLdhM/c60VHl698Gn1gY21m9vyC1Ucn69fPCA1y2EwcCB7IItseRMoNhdcWQnzt/OPCNA=="],

    "@module-federation/sdk": ["@module-federation/sdk@0.22.0", "", {}, "sha512-x4aFNBKn2KVQRuNVC5A7SnrSCSqyfIWmm1DvubjbO9iKFe7ith5niw8dqSFBekYBg2Fwy+eMg4sEFNVvCAdo6g=="],

    "@module-federation/webpack-bundler-runtime": ["@module-federation/webpack-bundler-runtime@0.22.0", "", { "dependencies": { "@module-federation/runtime": "0.22.0", "@module-federation/sdk": "0.22.0" } }, "sha512-aM8gCqXu+/4wBmJtVeMeeMN5guw3chf+2i6HajKtQv7SJfxV/f4IyNQJUeUQu9HfiAZHjqtMV5Lvq/Lvh8LdyA=="],

    "@msgpackr-extract/msgpackr-extract-darwin-arm64": ["@msgpackr-extract/msgpackr-extract-darwin-arm64@3.0.3", "", { "os": "darwin", "cpu": "arm64" }, "sha512-QZHtlVgbAdy2zAqNA9Gu1UpIuI8Xvsd1v8ic6B2pZmeFnFcMWiPLfWXh7TVw4eGEZ/C9TH281KwhVoeQUKbyjw=="],

    "@msgpackr-extract/msgpackr-extract-darwin-x64": ["@msgpackr-extract/msgpackr-extract-darwin-x64@3.0.3", "", { "os": "darwin", "cpu": "x64" }, "sha512-mdzd3AVzYKuUmiWOQ8GNhl64/IoFGol569zNRdkLReh6LRLHOXxU4U8eq0JwaD8iFHdVGqSy4IjFL4reoWCDFw=="],

    "@msgpackr-extract/msgpackr-extract-linux-arm": ["@msgpackr-extract/msgpackr-extract-linux-arm@3.0.3", "", { "os": "linux", "cpu": "arm" }, "sha512-fg0uy/dG/nZEXfYilKoRe7yALaNmHoYeIoJuJ7KJ+YyU2bvY8vPv27f7UKhGRpY6euFYqEVhxCFZgAUNQBM3nw=="],

    "@msgpackr-extract/msgpackr-extract-linux-arm64": ["@msgpackr-extract/msgpackr-extract-linux-arm64@3.0.3", "", { "os": "linux", "cpu": "arm64" }, "sha512-YxQL+ax0XqBJDZiKimS2XQaf+2wDGVa1enVRGzEvLLVFeqa5kx2bWbtcSXgsxjQB7nRqqIGFIcLteF/sHeVtQg=="],

    "@msgpackr-extract/msgpackr-extract-linux-x64": ["@msgpackr-extract/msgpackr-extract-linux-x64@3.0.3", "", { "os": "linux", "cpu": "x64" }, "sha512-cvwNfbP07pKUfq1uH+S6KJ7dT9K8WOE4ZiAcsrSes+UY55E/0jLYc+vq+DO7jlmqRb5zAggExKm0H7O/CBaesg=="],

    "@msgpackr-extract/msgpackr-extract-win32-x64": ["@msgpackr-extract/msgpackr-extract-win32-x64@3.0.3", "", { "os": "win32", "cpu": "x64" }, "sha512-x0fWaQtYp4E6sktbsdAqnehxDgEc/VwM7uLsRCYWaiGu0ykYdZPiS8zCWdnjHwyiumousxfBm4SO31eXqwEZhQ=="],

    "@napi-rs/wasm-runtime": ["@napi-rs/wasm-runtime@1.0.7", "", { "dependencies": { "@emnapi/core": "^1.5.0", "@emnapi/runtime": "^1.5.0", "@tybys/wasm-util": "^0.10.1" } }, "sha512-SeDnOO0Tk7Okiq6DbXmmBODgOAb9dp9gjlphokTUxmt8U3liIP1ZsozBahH69j/RJv+Rfs6IwUKHTgQYJ/HBAw=="],

    "@rsbuild/core": ["@rsbuild/core@1.7.2", "", { "dependencies": { "@rspack/core": "~1.7.1", "@rspack/lite-tapable": "~1.1.0", "@swc/helpers": "^0.5.18", "core-js": "~3.47.0", "jiti": "^2.6.1" }, "bin": { "rsbuild": "bin/rsbuild.js" } }, "sha512-VAFO6cM+cyg2ntxNW6g3tB2Jc5J5mpLjLluvm7VtW2uceNzyUlVv41o66Yp1t1ikxd3ljtqegViXem62JqzveA=="],

    "@rspack/binding": ["@rspack/binding@1.7.2", "", { "optionalDependencies": { "@rspack/binding-darwin-arm64": "1.7.2", "@rspack/binding-darwin-x64": "1.7.2", "@rspack/binding-linux-arm64-gnu": "1.7.2", "@rspack/binding-linux-arm64-musl": "1.7.2", "@rspack/binding-linux-x64-gnu": "1.7.2", "@rspack/binding-linux-x64-musl": "1.7.2", "@rspack/binding-wasm32-wasi": "1.7.2", "@rspack/binding-win32-arm64-msvc": "1.7.2", "@rspack/binding-win32-ia32-msvc": "1.7.2", "@rspack/binding-win32-x64-msvc": "1.7.2" } }, "sha512-bVssRQ39TgGA2RxKEbhUBKYRHln9sbBi0motHmqSU53aMnIkiLXjcj7tZC5dK7Okl2SrHM5KCYK9eG4UodDfdA=="],

    "@rspack/binding-darwin-arm64": ["@rspack/binding-darwin-arm64@1.7.2", "", { "os": "darwin", "cpu": "arm64" }, "sha512-EsmfzNZnuEhVPMX5jWATCHT2UCCBh6iqq448xUMmASDiKVbIOhUTN1ONTV+aMERYl7BgMNJn0iTis6ot2GWKIg=="],

    "@rspack/binding-darwin-x64": ["@rspack/binding-darwin-x64@1.7.2", "", { "os": "darwin", "cpu": "x64" }, "sha512-lQLq0eNzFDzR31XD0H5oTG0y8cBoNF9hJ2gt1GgqMlYvaY+pMEeh7s4rTX1/M0c4gHpLudp86SsDuDJ53BwnaQ=="],

    "@rspack/binding-linux-arm64-gnu": ["@rspack/binding-linux-arm64-gnu@1.7.2", "", { "os": "linux", "cpu": "arm64" }, "sha512-rtrsygVbDYw55ukdIk3NEwNQWkUemfRgeNOUvZ0k/6p7eP16020VPDvIqvcmyPtBhwFmz5vfo57GnBLisjM/kw=="],

    "@rspack/binding-linux-arm64-musl": ["@rspack/binding-linux-arm64-musl@1.7.2", "", { "os": "linux", "cpu": "arm64" }, "sha512-zhh6ycumTHI7V/VOOT6DolvBe5RFG+Np/e5hhlhjEFtskraO9rkWg8knE9Ssu6a6Qdj4nGscqOj9ENNpc6gb+A=="],

    "@rspack/binding-linux-x64-gnu": ["@rspack/binding-linux-x64-gnu@1.7.2", "", { "os": "linux", "cpu": "x64" }, "sha512-ON9hy6OTpBOmmFp/51RPa0r9bDbZ3wTTubT54V+yhHuB+eSrlXQIOQScUGCGoGgqp6sLTwKjv2yy7YLyzd1gCA=="],

    "@rspack/binding-linux-x64-musl": ["@rspack/binding-linux-x64-musl@1.7.2", "", { "os": "linux", "cpu": "x64" }, "sha512-+2nnjwaSOStgLKtY5O7I3yfkwTkhiJLQ35CwQqWKRw+g1E4OFIKpXBfl34JDtrF/2DeS7sVVyLeuC25+43n9/A=="],

    "@rspack/binding-wasm32-wasi": ["@rspack/binding-wasm32-wasi@1.7.2", "", { "dependencies": { "@napi-rs/wasm-runtime": "1.0.7" }, "cpu": "none" }, "sha512-TU/aLBpm9CTR/RTLF27WlvBKGyju6gpiNTRd3XRbX2JfY3UBNUQN/Ev+gQMVeOj55y9Fruzou42/w9ncTKA0Dw=="],

    "@rspack/binding-win32-arm64-msvc": ["@rspack/binding-win32-arm64-msvc@1.7.2", "", { "os": "win32", "cpu": "arm64" }, "sha512-RReQN3AUu46XUZnOy5L/vSj5J+tcl/bzSnGQ2KetZ7dUOjGCC6c0Ki3EiklVM5OC1Agytz0Rz7cJqHJ+HaQbsA=="],

    "@rspack/binding-win32-ia32-msvc": ["@rspack/binding-win32-ia32-msvc@1.7.2", "", { "os": "win32", "cpu": "ia32" }, "sha512-EytrfT2sfUCnRMtXfSNv7AR65DWuY3dX/Bsn1TTin7CC6+RFEAP9nzHtCMISvFPp+c5bveok0/eY8j/f4LZ/Gg=="],

    "@rspack/binding-win32-x64-msvc": ["@rspack/binding-win32-x64-msvc@1.7.2", "", { "os": "win32", "cpu": "x64" }, "sha512-zLFt6cr55fjbIy6HT1xS2yLVmtvRjyZ0TbcRum7Ipp+s23gyGHVYNRuDMj34AHnhbCcX/XrxDTzCc4ba6xtYTw=="],

    "@rspack/core": ["@rspack/core@1.7.2", "", { "dependencies": { "@module-federation/runtime-tools": "0.22.0", "@rspack/binding": "1.7.2", "@rspack/lite-tapable": "1.1.0" }, "peerDependencies": { "@swc/helpers": ">=0.5.1" }, "optionalPeers": ["@swc/helpers"] }, "sha512-Pm06phSQqbthbzl92KdnbXmwcnYRv3Ef86uE6hoADqVjsmt2WvJwNjpqgs0S6n+s9UL6QzxqaaAaKg5qeBT+3g=="],

    "@rspack/lite-tapable": ["@rspack/lite-tapable@1.1.0", "", {}, "sha512-E2B0JhYFmVAwdDiG14+DW0Di4Ze4Jg10Pc4/lILUrd5DRCaklduz2OvJ5HYQ6G+hd+WTzqQb3QnDNfK4yvAFYw=="],

    "@swc/helpers": ["@swc/helpers@0.5.18", "", { "dependencies": { "tslib": "^2.8.0" } }, "sha512-TXTnIcNJQEKwThMMqBXsZ4VGAza6bvN4pa41Rkqoio6QBKMvo+5lexeTMScGCIxtzgQJzElcvIltani+adC5PQ=="],

    "@tybys/wasm-util": ["@tybys/wasm-util@0.10.1", "", { "dependencies": { "tslib": "^2.4.0" } }, "sha512-9tTaPJLSiejZKx+Bmog4uSubteqTvFrVrURwkmHixBo0G4seD0zUxp98E1DzUBJxLQ3NPwXrGKDiVjwx/DpPsg=="],

    "commander": ["commander@8.3.0", "", {}, "sha512-OkTL9umf+He2DZkUq8f8J9of7yL6RJKI24dVITBmNfZBmri9zYZQrKkuXiKhyfPSu8tUhnVBB1iKXevvnlR4Ww=="],

    "core-js": ["core-js@3.47.0", "", {}, "sha512-c3Q2VVkGAUyupsjRnaNX6u8Dq2vAdzm9iuPj5FW0fRxzlxgq9Q39MDq10IvmQSpLgHQNyQzQmOo6bgGHmH3NNg=="],

    "detect-libc": ["detect-libc@2.1.2", "", {}, "sha512-Btj2BOOO83o3WyH59e8MgXsxEQVcarkUOpEYrubB0urwnN10yQ364rsiByU11nZlqWYZm05i/of7io4mzihBtQ=="],

    "highlight.js": ["highlight.js@11.11.1", "", {}, "sha512-Xwwo44whKBVCYoliBQwaPvtd/2tYFkRQtXDWj1nackaV2JPXx3L0+Jvd8/qCJ2p+ML0/XVkJ2q+Mr+UVdpJK5w=="],

    "jiti": ["jiti@2.6.1", "", { "bin": { "jiti": "lib/jiti-cli.mjs" } }, "sha512-ekilCSN1jwRvIbgeg/57YFh8qQDNbwDb9xT/qu2DAHbFFZUicIl4ygVaAvzveMhMVr3LnpSKTNnwt8PoOfmKhQ=="],

    "katex": ["katex@0.16.27", "", { "dependencies": { "commander": "^8.3.0" }, "bin": { "katex": "cli.js" } }, "sha512-aeQoDkuRWSqQN6nSvVCEFvfXdqo1OQiCmmW1kc9xSdjutPv7BGO7pqY9sQRJpMOGrEdfDgF2TfRXe5eUAD2Waw=="],

    "marked": ["marked@17.0.1", "", { "bin": { "marked": "bin/marked.js" } }, "sha512-boeBdiS0ghpWcSwoNm/jJBwdpFaMnZWRzjA6SkUMYb40SVaN1x7mmfGKp0jvexGcx+7y2La5zRZsYFZI6Qpypg=="],

    "marked-katex-extension": ["marked-katex-extension@5.1.6", "", { "peerDependencies": { "katex": ">=0.16 <0.17", "marked": ">=4 <18" } }, "sha512-vYpLXwmlIDKILIhJtiRTgdyZRn5sEYdFBuTmbpjD7lbCIzg0/DWyK3HXIntN3Tp8zV6hvOUgpZNLWRCgWVc24A=="],

    "morphdom": ["morphdom@2.7.7", "", {}, "sha512-04GmsiBcalrSCNmzfo+UjU8tt3PhZJKzcOy+r1FlGA7/zri8wre3I1WkYN9PT3sIeIKfW9bpyElA+VzOg2E24g=="],

    "msgpackr": ["msgpackr@1.11.8", "", { "optionalDependencies": { "msgpackr-extract": "^3.0.2" } }, "sha512-bC4UGzHhVvgDNS7kn9tV8fAucIYUBuGojcaLiz7v+P63Lmtm0Xeji8B/8tYKddALXxJLpwIeBmUN3u64C4YkRA=="],

    "msgpackr-extract": ["msgpackr-extract@3.0.3", "", { "dependencies": { "node-gyp-build-optional-packages": "5.2.2" }, "optionalDependencies": { "@msgpackr-extract/msgpackr-extract-darwin-arm64": "3.0.3", "@msgpackr-extract/msgpackr-extract-darwin-x64": "3.0.3", "@msgpackr-extract/msgpackr-extract-linux-arm": "3.0.3", "@msgpackr-extract/msgpackr-extract-linux-arm64": "3.0.3", "@msgpackr-extract/msgpackr-extract-linux-x64": "3.0.3", "@msgpackr-extract/msgpackr-extract-win32-x64": "3.0.3" }, "bin": { "download-msgpackr-prebuilds": "bin/download-prebuilds.js" } }, "sha512-P0efT1C9jIdVRefqjzOQ9Xml57zpOXnIuS+csaB4MdZbTdmGDLo8XhzBG1N7aO11gKDDkJvBLULeFTo46wwreA=="],

    "node-gyp-build-optional-packages": ["node-gyp-build-optional-packages@5.2.2", "", { "dependencies": { "detect-libc": "^2.0.1" }, "bin": { "node-gyp-build-optional-packages": "bin.js", "node-gyp-build-optional-packages-optional": "optional.js", "node-gyp-build-optional-packages-test": "build-test.js" } }, "sha512-s+w+rBWnpTMwSFbaE0UXsRlg7hU4FjekKU4eyAih5T8nJuNZT1nNsskXpxmeqSK9UzkBl6UgRlnKc8hz8IEqOw=="],

    "tslib": ["tslib@2.8.1", "", {}, "sha512-oJFu94HQb+KVduSUQL7wnpmqnfmLsOA/nAh6b6EH0wCEoK0/mPeXU6c3wKDV83MkOuHPRHtSXKKU99IBazS/2w=="],
  }
}
